
Microsoft Visual Studio Solution File, Format Version 12.00
# Visual Studio Version 17
VisualStudioVersion = 17.8.34330.188
MinimumVisualStudioVersion = 10.0.40219.1
Project("{FAE04EC0-301F-11D3-BF4B-00C04F79EFBC}") = "CIPlatformWebAPI_PostgreSQL", "CIPlatformWebAPI_PostgreSQL\CIPlatformWebAPI_PostgreSQL.csproj", "{F8938ACA-433A-4188-858F-150FD1A6BC15}"
EndProject
Global
	GlobalSection(SolutionConfigurationPlatforms) = preSolution
		Debug|Any CPU = Debug|Any CPU
		Release|Any CPU = Release|Any CPU
	EndGlobalSection
	GlobalSection(ProjectConfigurationPlatforms) = postSolution
		{F8938ACA-433A-4188-858F-150FD1A6BC15}.Debug|Any CPU.ActiveCfg = Debug|Any CPU
		{F8938ACA-433A-4188-858F-150FD1A6BC15}.Debug|Any CPU.Build.0 = Debug|Any CPU
		{F8938ACA-433A-4188-858F-150FD1A6BC15}.Release|Any CPU.ActiveCfg = Release|Any CPU
		{F8938ACA-433A-4188-858F-150FD1A6BC15}.Release|Any CPU.Build.0 = Release|Any CPU
	EndGlobalSection
	GlobalSection(SolutionProperties) = preSolution
		HideSolutionNode = FALSE
	EndGlobalSection
	GlobalSection(ExtensibilityGlobals) = postSolution
		SolutionGuid = {A0244E0F-0CC2-46CE-B537-E4BDEC82F52C}
	EndGlobalSection
EndGlobal
